
Microsoft Visual Studio Solution File, Format Version 12.00
# Visual Studio Version 17
VisualStudioVersion = 17.2.32616.157
MinimumVisualStudioVersion = 10.0.40219.1
Project("{FAE04EC0-301F-11D3-BF4B-00C04F79EFBC}") = "TO-DO-BOT", "TO-DO-BOT\TO-DO-BOT.csproj", "{80FBC509-8990-4276-A507-AF01E791A27C}"
EndProject
Global
	GlobalSection(SolutionConfigurationPlatforms) = preSolution
		Debug|Any CPU = Debug|Any CPU
		Release|Any CPU = Release|Any CPU
	EndGlobalSection
	GlobalSection(ProjectConfigurationPlatforms) = postSolution
		{80FBC509-8990-4276-A507-AF01E791A27C}.Debug|Any CPU.ActiveCfg = Debug|Any CPU
		{80FBC509-8990-4276-A507-AF01E791A27C}.Debug|Any CPU.Build.0 = Debug|Any CPU
		{80FBC509-8990-4276-A507-AF01E791A27C}.Release|Any CPU.ActiveCfg = Release|Any CPU
		{80FBC509-8990-4276-A507-AF01E791A27C}.Release|Any CPU.Build.0 = Release|Any CPU
	EndGlobalSection
	GlobalSection(SolutionProperties) = preSolution
		HideSolutionNode = FALSE
	EndGlobalSection
	GlobalSection(ExtensibilityGlobals) = postSolution
		SolutionGuid = {008DACCE-EE34-43AC-A32B-7C3673B67E4A}
	EndGlobalSection
EndGlobal
